
Microsoft Visual Studio Solution File, Format Version 12.00
# Visual Studio Version 16
VisualStudioVersion = 16.0.30104.148
MinimumVisualStudioVersion = 10.0.40219.1
Project("{FAE04EC0-301F-11D3-BF4B-00C04F79EFBC}") = "ROTBank", "ROTBank\ROTBank.csproj", "{A5DA0D2B-B43B-47DA-9F96-EE10240F2333}"
EndProject
Global
	GlobalSection(SolutionConfigurationPlatforms) = preSolution
		Debug|Any CPU = Debug|Any CPU
		Release|Any CPU = Release|Any CPU
	EndGlobalSection
	GlobalSection(ProjectConfigurationPlatforms) = postSolution
		{A5DA0D2B-B43B-47DA-9F96-EE10240F2333}.Debug|Any CPU.ActiveCfg = Debug|Any CPU
		{A5DA0D2B-B43B-47DA-9F96-EE10240F2333}.Debug|Any CPU.Build.0 = Debug|Any CPU
		{A5DA0D2B-B43B-47DA-9F96-EE10240F2333}.Release|Any CPU.ActiveCfg = Release|Any CPU
		{A5DA0D2B-B43B-47DA-9F96-EE10240F2333}.Release|Any CPU.Build.0 = Release|Any CPU
	EndGlobalSection
	GlobalSection(SolutionProperties) = preSolution
		HideSolutionNode = FALSE
	EndGlobalSection
	GlobalSection(ExtensibilityGlobals) = postSolution
		SolutionGuid = {8657ACF4-05D2-4FD9-9281-A8057B64A271}
	EndGlobalSection
EndGlobal
